Microsoft Visual Studio Solution File, Format Version 11.00
# Visual Studio 2008

Project("{1261ACC7-925E-B727-7376-0401A5DD46C3}") = "Spectrum2", "Assembly-CSharp-firstpass.csproj", "{F9D4F73A-E8A1-4924-50A9-A0237536E491}"
EndProject
Project("{1261ACC7-925E-B727-7376-0401A5DD46C3}") = "Spectrum2", "Assembly-CSharp.csproj", "{A750A8C5-A56C-9664-E841-CCA02912F54B}"
EndProject
Project("{1261ACC7-925E-B727-7376-0401A5DD46C3}") = "Spectrum2", "Assembly-CSharp-Editor.csproj", "{9769B445-3B0F-5F9B-1FC0-523A19D17223}"
EndProject
Project("{1261ACC7-925E-B727-7376-0401A5DD46C3}") = "Spectrum2", "Assembly-UnityScript-firstpass.unityproj", "{531A074F-0A3E-CE88-40B8-181EC159D5F8}"
EndProject
Project("{1261ACC7-925E-B727-7376-0401A5DD46C3}") = "Spectrum2", "Assembly-UnityScript.unityproj", "{620213D1-86C4-BA9C-5070-D5B466D96B3C}"
EndProject
Project("{1261ACC7-925E-B727-7376-0401A5DD46C3}") = "Spectrum2", "Assembly-UnityScript-Editor.unityproj", "{2661796C-F27D-E417-5DC9-39B7F800CCB2}"
EndProject
Global
	GlobalSection(SolutionConfigurationPlatforms) = preSolution
		Debug|Any CPU = Debug|Any CPU
		Release|Any CPU = Release|Any CPU
	EndGlobalSection
	GlobalSection(ProjectConfigurationPlatforms) = postSolution
		{F9D4F73A-E8A1-4924-50A9-A0237536E491}.Debug|Any CPU.ActiveCfg = Debug|Any CPU
		{F9D4F73A-E8A1-4924-50A9-A0237536E491}.Debug|Any CPU.Build.0 = Debug|Any CPU
		{F9D4F73A-E8A1-4924-50A9-A0237536E491}.Release|Any CPU.ActiveCfg = Release|Any CPU
		{F9D4F73A-E8A1-4924-50A9-A0237536E491}.Release|Any CPU.Build.0 = Release|Any CPU
		{A750A8C5-A56C-9664-E841-CCA02912F54B}.Debug|Any CPU.ActiveCfg = Debug|Any CPU
		{A750A8C5-A56C-9664-E841-CCA02912F54B}.Debug|Any CPU.Build.0 = Debug|Any CPU
		{A750A8C5-A56C-9664-E841-CCA02912F54B}.Release|Any CPU.ActiveCfg = Release|Any CPU
		{A750A8C5-A56C-9664-E841-CCA02912F54B}.Release|Any CPU.Build.0 = Release|Any CPU
		{9769B445-3B0F-5F9B-1FC0-523A19D17223}.Debug|Any CPU.ActiveCfg = Debug|Any CPU
		{9769B445-3B0F-5F9B-1FC0-523A19D17223}.Debug|Any CPU.Build.0 = Debug|Any CPU
		{9769B445-3B0F-5F9B-1FC0-523A19D17223}.Release|Any CPU.ActiveCfg = Release|Any CPU
		{9769B445-3B0F-5F9B-1FC0-523A19D17223}.Release|Any CPU.Build.0 = Release|Any CPU
		{531A074F-0A3E-CE88-40B8-181EC159D5F8}.Debug|Any CPU.ActiveCfg = Debug|Any CPU
		{531A074F-0A3E-CE88-40B8-181EC159D5F8}.Debug|Any CPU.Build.0 = Debug|Any CPU
		{531A074F-0A3E-CE88-40B8-181EC159D5F8}.Release|Any CPU.ActiveCfg = Release|Any CPU
		{531A074F-0A3E-CE88-40B8-181EC159D5F8}.Release|Any CPU.Build.0 = Release|Any CPU
		{620213D1-86C4-BA9C-5070-D5B466D96B3C}.Debug|Any CPU.ActiveCfg = Debug|Any CPU
		{620213D1-86C4-BA9C-5070-D5B466D96B3C}.Debug|Any CPU.Build.0 = Debug|Any CPU
		{620213D1-86C4-BA9C-5070-D5B466D96B3C}.Release|Any CPU.ActiveCfg = Release|Any CPU
		{620213D1-86C4-BA9C-5070-D5B466D96B3C}.Release|Any CPU.Build.0 = Release|Any CPU
		{2661796C-F27D-E417-5DC9-39B7F800CCB2}.Debug|Any CPU.ActiveCfg = Debug|Any CPU
		{2661796C-F27D-E417-5DC9-39B7F800CCB2}.Debug|Any CPU.Build.0 = Debug|Any CPU
		{2661796C-F27D-E417-5DC9-39B7F800CCB2}.Release|Any CPU.ActiveCfg = Release|Any CPU
		{2661796C-F27D-E417-5DC9-39B7F800CCB2}.Release|Any CPU.Build.0 = Release|Any CPU
	EndGlobalSection
	GlobalSection(SolutionProperties) = preSolution
		HideSolutionNode = FALSE
	EndGlobalSection
																																										GlobalSection(MonoDevelopProperties) = preSolution
		StartupItem = Assembly-CSharp.csproj
		Policies = $0
		$0.TextStylePolicy = $1
		$1.inheritsSet = null
		$1.scope = text/x-csharp
		$0.CSharpFormattingPolicy = $2
		$2.inheritsSet = Mono
		$2.inheritsScope = text/x-csharp
		$2.scope = text/x-csharp
		$0.TextStylePolicy = $3
		$3.FileWidth = 120
		$3.TabWidth = 4
		$3.EolMarker = Unix
		$3.inheritsSet = Mono
		$3.inheritsScope = text/plain
		$3.scope = text/plain
	EndGlobalSection

EndGlobal
